
Microsoft Visual Studio Solution File, Format Version 12.00
# Visual Studio Version 17
VisualStudioVersion = 17.6.33712.159
MinimumVisualStudioVersion = 10.0.40219.1
Project("{9A19103F-16F7-4668-BE54-9A1E7A4F7556}") = "ProSupplier.Api", "src\ProSupplier.Api\ProSupplier.Api.csproj", "{43E867A2-B971-4F76-B41E-3750C7962D6A}"
EndProject
Project("{9A19103F-16F7-4668-BE54-9A1E7A4F7556}") = "ProSupplier.Business", "src\ProSupplier.Business\ProSupplier.Business.csproj", "{FCB7337C-30EC-4B62-AEA7-2E458EB0874C}"
EndProject
Project("{9A19103F-16F7-4668-BE54-9A1E7A4F7556}") = "ProSupplier.Data", "src\ProSupplier.Data\ProSupplier.Data.csproj", "{A298C83D-15B4-473C-9D14-A4A1293692F7}"
EndProject
Global
	GlobalSection(SolutionConfigurationPlatforms) = preSolution
		Debug|Any CPU = Debug|Any CPU
		Release|Any CPU = Release|Any CPU
	EndGlobalSection
	GlobalSection(ProjectConfigurationPlatforms) = postSolution
		{43E867A2-B971-4F76-B41E-3750C7962D6A}.Debug|Any CPU.ActiveCfg = Debug|Any CPU
		{43E867A2-B971-4F76-B41E-3750C7962D6A}.Debug|Any CPU.Build.0 = Debug|Any CPU
		{43E867A2-B971-4F76-B41E-3750C7962D6A}.Release|Any CPU.ActiveCfg = Release|Any CPU
		{43E867A2-B971-4F76-B41E-3750C7962D6A}.Release|Any CPU.Build.0 = Release|Any CPU
		{FCB7337C-30EC-4B62-AEA7-2E458EB0874C}.Debug|Any CPU.ActiveCfg = Debug|Any CPU
		{FCB7337C-30EC-4B62-AEA7-2E458EB0874C}.Debug|Any CPU.Build.0 = Debug|Any CPU
		{FCB7337C-30EC-4B62-AEA7-2E458EB0874C}.Release|Any CPU.ActiveCfg = Release|Any CPU
		{FCB7337C-30EC-4B62-AEA7-2E458EB0874C}.Release|Any CPU.Build.0 = Release|Any CPU
		{A298C83D-15B4-473C-9D14-A4A1293692F7}.Debug|Any CPU.ActiveCfg = Debug|Any CPU
		{A298C83D-15B4-473C-9D14-A4A1293692F7}.Debug|Any CPU.Build.0 = Debug|Any CPU
		{A298C83D-15B4-473C-9D14-A4A1293692F7}.Release|Any CPU.ActiveCfg = Release|Any CPU
		{A298C83D-15B4-473C-9D14-A4A1293692F7}.Release|Any CPU.Build.0 = Release|Any CPU
	EndGlobalSection
	GlobalSection(SolutionProperties) = preSolution
		HideSolutionNode = FALSE
	EndGlobalSection
	GlobalSection(ExtensibilityGlobals) = postSolution
		SolutionGuid = {AFE94D04-B761-4585-B660-1C9541E526B5}
	EndGlobalSection
EndGlobal
